
Microsoft Visual Studio Solution File, Format Version 12.00
Project("{FAE04EC0-301F-11D3-BF4B-00C04F79EFBC}") = "MedHealth.Catalog.Api", "MedHealth.Catalog.Api\MedHealth.Catalog.Api.csproj", "{EDF34F07-ECDF-46E2-B174-CC4FF707A2AC}"
EndProject
Project("{FAE04EC0-301F-11D3-BF4B-00C04F79EFBC}") = "MedHealth.Appointments.Api", "MedHealth.Appointments.Api\MedHealth.Appointments.Api.csproj", "{881D90AB-2DB3-40F8-9C32-FCF4BF26EC7F}"
EndProject
Project("{FAE04EC0-301F-11D3-BF4B-00C04F79EFBC}") = "MedHealth.Feedback.Api", "MedHealth.Feedback.Api\MedHealth.Feedback.Api.csproj", "{5A700DCB-E0DC-442C-A098-DA1012BB3A71}"
EndProject
Project("{FAE04EC0-301F-11D3-BF4B-00C04F79EFBC}") = "MedHealth.Appointments.Domain", "MedHealth.Appointments.Domain\MedHealth.Appointments.Domain.csproj", "{39B53F3E-0F6C-4F39-8A6A-FD61DC773923}"
EndProject
Project("{FAE04EC0-301F-11D3-BF4B-00C04F79EFBC}") = "MedHealth.Appointments.Dal", "MedHealth.Appointments.Dal\MedHealth.Appointments.Dal.csproj", "{654AC2CD-4152-44F4-8399-A5FC942CABD8}"
EndProject
Project("{FAE04EC0-301F-11D3-BF4B-00C04F79EFBC}") = "MedHealth.Appointments.Bll", "MedHealth.Appointments.Bll\MedHealth.Appointments.Bll.csproj", "{C346D261-D48F-40A5-B010-D9FEDAC10094}"
EndProject
Project("{FAE04EC0-301F-11D3-BF4B-00C04F79EFBC}") = "MedHealth.Catalog.Domain", "MedHealth.Catalog.Domain\MedHealth.Catalog.Domain.csproj", "{BFF27EC9-9B82-4837-9DC1-E5599EC68AE4}"
EndProject
Project("{FAE04EC0-301F-11D3-BF4B-00C04F79EFBC}") = "MedHealth.Catalog.Dal", "MedHealth.Catalog.Dal\MedHealth.Catalog.Dal.csproj", "{3967A8E9-C3E5-445C-8897-F919E9C1E49D}"
EndProject
Project("{FAE04EC0-301F-11D3-BF4B-00C04F79EFBC}") = "MedHealth.Catalog.Bll", "MedHealth.Catalog.Bll\MedHealth.Catalog.Bll.csproj", "{024EDCE9-C819-48EA-BCD0-B349BA443084}"
EndProject
Project("{FAE04EC0-301F-11D3-BF4B-00C04F79EFBC}") = "MedHealth.Feedback.Domain", "MedHealth.Feedback.Domain\MedHealth.Feedback.Domain.csproj", "{FE52DC86-5834-4565-9AE6-9290808447DA}"
EndProject
Project("{FAE04EC0-301F-11D3-BF4B-00C04F79EFBC}") = "MedHealth.Feedback.Application", "MedHealth.Feedback.Application\MedHealth.Feedback.Application.csproj", "{4B9C4AD1-197B-497E-BC66-A74549C57CF1}"
EndProject
Project("{FAE04EC0-301F-11D3-BF4B-00C04F79EFBC}") = "MedHealth.Feedback.Infrastructure", "MedHealth.Feedback.Infrastructure\MedHealth.Feedback.Infrastructure.csproj", "{37B0D0BE-5F9C-400D-B1B5-5CC8E9F06A9A}"
EndProject
Project("{FAE04EC0-301F-11D3-BF4B-00C04F79EFBC}") = "MedHealth.AppHost", "MedHealth.AppHost\MedHealth.AppHost.csproj", "{6E9A21FB-B284-44BB-BF2D-9ABF029E04A9}"
EndProject
Project("{FAE04EC0-301F-11D3-BF4B-00C04F79EFBC}") = "MedHealth.ServiceDefaults", "MedHealth.ServiceDefaults\MedHealth.ServiceDefaults.csproj", "{9385D9B2-F966-4D82-8F59-D1448F996B74}"
EndProject
Project("{FAE04EC0-301F-11D3-BF4B-00C04F79EFBC}") = "MedHealth.ApiGateway", "MedHealth.ApiGateway\MedHealth.ApiGateway.csproj", "{0AED655E-8436-42BF-B5F7-1C80983CA1D3}"
EndProject
Project("{FAE04EC0-301F-11D3-BF4B-00C04F79EFBC}") = "MedHealth.Aggregator", "MedHealth.Aggregator\MedHealth.Aggregator.csproj", "{CCAEDF43-5935-4ABC-9530-1F41C5D8FC69}"
EndProject
Global
	GlobalSection(SolutionConfigurationPlatforms) = preSolution
		Debug|Any CPU = Debug|Any CPU
		Debug|x64 = Debug|x64
		Debug|x86 = Debug|x86
		Release|Any CPU = Release|Any CPU
		Release|x64 = Release|x64
		Release|x86 = Release|x86
	EndGlobalSection
	GlobalSection(ProjectConfigurationPlatforms) = postSolution
		{EDF34F07-ECDF-46E2-B174-CC4FF707A2AC}.Debug|Any CPU.ActiveCfg = Debug|Any CPU
		{EDF34F07-ECDF-46E2-B174-CC4FF707A2AC}.Debug|Any CPU.Build.0 = Debug|Any CPU
		{EDF34F07-ECDF-46E2-B174-CC4FF707A2AC}.Debug|x64.ActiveCfg = Debug|Any CPU
		{EDF34F07-ECDF-46E2-B174-CC4FF707A2AC}.Debug|x64.Build.0 = Debug|Any CPU
		{EDF34F07-ECDF-46E2-B174-CC4FF707A2AC}.Debug|x86.ActiveCfg = Debug|Any CPU
		{EDF34F07-ECDF-46E2-B174-CC4FF707A2AC}.Debug|x86.Build.0 = Debug|Any CPU
		{EDF34F07-ECDF-46E2-B174-CC4FF707A2AC}.Release|Any CPU.ActiveCfg = Release|Any CPU
		{EDF34F07-ECDF-46E2-B174-CC4FF707A2AC}.Release|Any CPU.Build.0 = Release|Any CPU
		{EDF34F07-ECDF-46E2-B174-CC4FF707A2AC}.Release|x64.ActiveCfg = Release|Any CPU
		{EDF34F07-ECDF-46E2-B174-CC4FF707A2AC}.Release|x64.Build.0 = Release|Any CPU
		{EDF34F07-ECDF-46E2-B174-CC4FF707A2AC}.Release|x86.ActiveCfg = Release|Any CPU
		{EDF34F07-ECDF-46E2-B174-CC4FF707A2AC}.Release|x86.Build.0 = Release|Any CPU
		{881D90AB-2DB3-40F8-9C32-FCF4BF26EC7F}.Debug|Any CPU.ActiveCfg = Debug|Any CPU
		{881D90AB-2DB3-40F8-9C32-FCF4BF26EC7F}.Debug|Any CPU.Build.0 = Debug|Any CPU
		{881D90AB-2DB3-40F8-9C32-FCF4BF26EC7F}.Debug|x64.ActiveCfg = Debug|Any CPU
		{881D90AB-2DB3-40F8-9C32-FCF4BF26EC7F}.Debug|x64.Build.0 = Debug|Any CPU
		{881D90AB-2DB3-40F8-9C32-FCF4BF26EC7F}.Debug|x86.ActiveCfg = Debug|Any CPU
		{881D90AB-2DB3-40F8-9C32-FCF4BF26EC7F}.Debug|x86.Build.0 = Debug|Any CPU
		{881D90AB-2DB3-40F8-9C32-FCF4BF26EC7F}.Release|Any CPU.ActiveCfg = Release|Any CPU
		{881D90AB-2DB3-40F8-9C32-FCF4BF26EC7F}.Release|Any CPU.Build.0 = Release|Any CPU
		{881D90AB-2DB3-40F8-9C32-FCF4BF26EC7F}.Release|x64.ActiveCfg = Release|Any CPU
		{881D90AB-2DB3-40F8-9C32-FCF4BF26EC7F}.Release|x64.Build.0 = Release|Any CPU
		{881D90AB-2DB3-40F8-9C32-FCF4BF26EC7F}.Release|x86.ActiveCfg = Release|Any CPU
		{881D90AB-2DB3-40F8-9C32-FCF4BF26EC7F}.Release|x86.Build.0 = Release|Any CPU
		{5A700DCB-E0DC-442C-A098-DA1012BB3A71}.Debug|Any CPU.ActiveCfg = Debug|Any CPU
		{5A700DCB-E0DC-442C-A098-DA1012BB3A71}.Debug|Any CPU.Build.0 = Debug|Any CPU
		{5A700DCB-E0DC-442C-A098-DA1012BB3A71}.Debug|x64.ActiveCfg = Debug|Any CPU
		{5A700DCB-E0DC-442C-A098-DA1012BB3A71}.Debug|x64.Build.0 = Debug|Any CPU
		{5A700DCB-E0DC-442C-A098-DA1012BB3A71}.Debug|x86.ActiveCfg = Debug|Any CPU
		{5A700DCB-E0DC-442C-A098-DA1012BB3A71}.Debug|x86.Build.0 = Debug|Any CPU
		{5A700DCB-E0DC-442C-A098-DA1012BB3A71}.Release|Any CPU.ActiveCfg = Release|Any CPU
		{5A700DCB-E0DC-442C-A098-DA1012BB3A71}.Release|Any CPU.Build.0 = Release|Any CPU
		{5A700DCB-E0DC-442C-A098-DA1012BB3A71}.Release|x64.ActiveCfg = Release|Any CPU
		{5A700DCB-E0DC-442C-A098-DA1012BB3A71}.Release|x64.Build.0 = Release|Any CPU
		{5A700DCB-E0DC-442C-A098-DA1012BB3A71}.Release|x86.ActiveCfg = Release|Any CPU
		{5A700DCB-E0DC-442C-A098-DA1012BB3A71}.Release|x86.Build.0 = Release|Any CPU
		{39B53F3E-0F6C-4F39-8A6A-FD61DC773923}.Debug|Any CPU.ActiveCfg = Debug|Any CPU
		{39B53F3E-0F6C-4F39-8A6A-FD61DC773923}.Debug|Any CPU.Build.0 = Debug|Any CPU
		{39B53F3E-0F6C-4F39-8A6A-FD61DC773923}.Debug|x64.ActiveCfg = Debug|Any CPU
		{39B53F3E-0F6C-4F39-8A6A-FD61DC773923}.Debug|x64.Build.0 = Debug|Any CPU
		{39B53F3E-0F6C-4F39-8A6A-FD61DC773923}.Debug|x86.ActiveCfg = Debug|Any CPU
		{39B53F3E-0F6C-4F39-8A6A-FD61DC773923}.Debug|x86.Build.0 = Debug|Any CPU
		{39B53F3E-0F6C-4F39-8A6A-FD61DC773923}.Release|Any CPU.ActiveCfg = Release|Any CPU
		{39B53F3E-0F6C-4F39-8A6A-FD61DC773923}.Release|Any CPU.Build.0 = Release|Any CPU
		{39B53F3E-0F6C-4F39-8A6A-FD61DC773923}.Release|x64.ActiveCfg = Release|Any CPU
		{39B53F3E-0F6C-4F39-8A6A-FD61DC773923}.Release|x64.Build.0 = Release|Any CPU
		{39B53F3E-0F6C-4F39-8A6A-FD61DC773923}.Release|x86.ActiveCfg = Release|Any CPU
		{39B53F3E-0F6C-4F39-8A6A-FD61DC773923}.Release|x86.Build.0 = Release|Any CPU
		{654AC2CD-4152-44F4-8399-A5FC942CABD8}.Debug|Any CPU.ActiveCfg = Debug|Any CPU
		{654AC2CD-4152-44F4-8399-A5FC942CABD8}.Debug|Any CPU.Build.0 = Debug|Any CPU
		{654AC2CD-4152-44F4-8399-A5FC942CABD8}.Debug|x64.ActiveCfg = Debug|Any CPU
		{654AC2CD-4152-44F4-8399-A5FC942CABD8}.Debug|x64.Build.0 = Debug|Any CPU
		{654AC2CD-4152-44F4-8399-A5FC942CABD8}.Debug|x86.ActiveCfg = Debug|Any CPU
		{654AC2CD-4152-44F4-8399-A5FC942CABD8}.Debug|x86.Build.0 = Debug|Any CPU
		{654AC2CD-4152-44F4-8399-A5FC942CABD8}.Release|Any CPU.ActiveCfg = Release|Any CPU
		{654AC2CD-4152-44F4-8399-A5FC942CABD8}.Release|Any CPU.Build.0 = Release|Any CPU
		{654AC2CD-4152-44F4-8399-A5FC942CABD8}.Release|x64.ActiveCfg = Release|Any CPU
		{654AC2CD-4152-44F4-8399-A5FC942CABD8}.Release|x64.Build.0 = Release|Any CPU
		{654AC2CD-4152-44F4-8399-A5FC942CABD8}.Release|x86.ActiveCfg = Release|Any CPU
		{654AC2CD-4152-44F4-8399-A5FC942CABD8}.Release|x86.Build.0 = Release|Any CPU
		{C346D261-D48F-40A5-B010-D9FEDAC10094}.Debug|Any CPU.ActiveCfg = Debug|Any CPU
		{C346D261-D48F-40A5-B010-D9FEDAC10094}.Debug|Any CPU.Build.0 = Debug|Any CPU
		{C346D261-D48F-40A5-B010-D9FEDAC10094}.Debug|x64.ActiveCfg = Debug|Any CPU
		{C346D261-D48F-40A5-B010-D9FEDAC10094}.Debug|x64.Build.0 = Debug|Any CPU
		{C346D261-D48F-40A5-B010-D9FEDAC10094}.Debug|x86.ActiveCfg = Debug|Any CPU
		{C346D261-D48F-40A5-B010-D9FEDAC10094}.Debug|x86.Build.0 = Debug|Any CPU
		{C346D261-D48F-40A5-B010-D9FEDAC10094}.Release|Any CPU.ActiveCfg = Release|Any CPU
		{C346D261-D48F-40A5-B010-D9FEDAC10094}.Release|Any CPU.Build.0 = Release|Any CPU
		{C346D261-D48F-40A5-B010-D9FEDAC10094}.Release|x64.ActiveCfg = Release|Any CPU
		{C346D261-D48F-40A5-B010-D9FEDAC10094}.Release|x64.Build.0 = Release|Any CPU
		{C346D261-D48F-40A5-B010-D9FEDAC10094}.Release|x86.ActiveCfg = Release|Any CPU
		{C346D261-D48F-40A5-B010-D9FEDAC10094}.Release|x86.Build.0 = Release|Any CPU
		{BFF27EC9-9B82-4837-9DC1-E5599EC68AE4}.Debug|Any CPU.ActiveCfg = Debug|Any CPU
		{BFF27EC9-9B82-4837-9DC1-E5599EC68AE4}.Debug|Any CPU.Build.0 = Debug|Any CPU
		{BFF27EC9-9B82-4837-9DC1-E5599EC68AE4}.Debug|x64.ActiveCfg = Debug|Any CPU
		{BFF27EC9-9B82-4837-9DC1-E5599EC68AE4}.Debug|x64.Build.0 = Debug|Any CPU
		{BFF27EC9-9B82-4837-9DC1-E5599EC68AE4}.Debug|x86.ActiveCfg = Debug|Any CPU
		{BFF27EC9-9B82-4837-9DC1-E5599EC68AE4}.Debug|x86.Build.0 = Debug|Any CPU
		{BFF27EC9-9B82-4837-9DC1-E5599EC68AE4}.Release|Any CPU.ActiveCfg = Release|Any CPU
		{BFF27EC9-9B82-4837-9DC1-E5599EC68AE4}.Release|Any CPU.Build.0 = Release|Any CPU
		{BFF27EC9-9B82-4837-9DC1-E5599EC68AE4}.Release|x64.ActiveCfg = Release|Any CPU
		{BFF27EC9-9B82-4837-9DC1-E5599EC68AE4}.Release|x64.Build.0 = Release|Any CPU
		{BFF27EC9-9B82-4837-9DC1-E5599EC68AE4}.Release|x86.ActiveCfg = Release|Any CPU
		{BFF27EC9-9B82-4837-9DC1-E5599EC68AE4}.Release|x86.Build.0 = Release|Any CPU
		{3967A8E9-C3E5-445C-8897-F919E9C1E49D}.Debug|Any CPU.ActiveCfg = Debug|Any CPU
		{3967A8E9-C3E5-445C-8897-F919E9C1E49D}.Debug|Any CPU.Build.0 = Debug|Any CPU
		{3967A8E9-C3E5-445C-8897-F919E9C1E49D}.Debug|x64.ActiveCfg = Debug|Any CPU
		{3967A8E9-C3E5-445C-8897-F919E9C1E49D}.Debug|x64.Build.0 = Debug|Any CPU
		{3967A8E9-C3E5-445C-8897-F919E9C1E49D}.Debug|x86.ActiveCfg = Debug|Any CPU
		{3967A8E9-C3E5-445C-8897-F919E9C1E49D}.Debug|x86.Build.0 = Debug|Any CPU
		{3967A8E9-C3E5-445C-8897-F919E9C1E49D}.Release|Any CPU.ActiveCfg = Release|Any CPU
		{3967A8E9-C3E5-445C-8897-F919E9C1E49D}.Release|Any CPU.Build.0 = Release|Any CPU
		{3967A8E9-C3E5-445C-8897-F919E9C1E49D}.Release|x64.ActiveCfg = Release|Any CPU
		{3967A8E9-C3E5-445C-8897-F919E9C1E49D}.Release|x64.Build.0 = Release|Any CPU
		{3967A8E9-C3E5-445C-8897-F919E9C1E49D}.Release|x86.ActiveCfg = Release|Any CPU
		{3967A8E9-C3E5-445C-8897-F919E9C1E49D}.Release|x86.Build.0 = Release|Any CPU
		{024EDCE9-C819-48EA-BCD0-B349BA443084}.Debug|Any CPU.ActiveCfg = Debug|Any CPU
		{024EDCE9-C819-48EA-BCD0-B349BA443084}.Debug|Any CPU.Build.0 = Debug|Any CPU
		{024EDCE9-C819-48EA-BCD0-B349BA443084}.Debug|x64.ActiveCfg = Debug|Any CPU
		{024EDCE9-C819-48EA-BCD0-B349BA443084}.Debug|x64.Build.0 = Debug|Any CPU
		{024EDCE9-C819-48EA-BCD0-B349BA443084}.Debug|x86.ActiveCfg = Debug|Any CPU
		{024EDCE9-C819-48EA-BCD0-B349BA443084}.Debug|x86.Build.0 = Debug|Any CPU
		{024EDCE9-C819-48EA-BCD0-B349BA443084}.Release|Any CPU.ActiveCfg = Release|Any CPU
		{024EDCE9-C819-48EA-BCD0-B349BA443084}.Release|Any CPU.Build.0 = Release|Any CPU
		{024EDCE9-C819-48EA-BCD0-B349BA443084}.Release|x64.ActiveCfg = Release|Any CPU
		{024EDCE9-C819-48EA-BCD0-B349BA443084}.Release|x64.Build.0 = Release|Any CPU
		{024EDCE9-C819-48EA-BCD0-B349BA443084}.Release|x86.ActiveCfg = Release|Any CPU
		{024EDCE9-C819-48EA-BCD0-B349BA443084}.Release|x86.Build.0 = Release|Any CPU
		{FE52DC86-5834-4565-9AE6-9290808447DA}.Debug|Any CPU.ActiveCfg = Debug|Any CPU
		{FE52DC86-5834-4565-9AE6-9290808447DA}.Debug|Any CPU.Build.0 = Debug|Any CPU
		{FE52DC86-5834-4565-9AE6-9290808447DA}.Debug|x64.ActiveCfg = Debug|Any CPU
		{FE52DC86-5834-4565-9AE6-9290808447DA}.Debug|x64.Build.0 = Debug|Any CPU
		{FE52DC86-5834-4565-9AE6-9290808447DA}.Debug|x86.ActiveCfg = Debug|Any CPU
		{FE52DC86-5834-4565-9AE6-9290808447DA}.Debug|x86.Build.0 = Debug|Any CPU
		{FE52DC86-5834-4565-9AE6-9290808447DA}.Release|Any CPU.ActiveCfg = Release|Any CPU
		{FE52DC86-5834-4565-9AE6-9290808447DA}.Release|Any CPU.Build.0 = Release|Any CPU
		{FE52DC86-5834-4565-9AE6-9290808447DA}.Release|x64.ActiveCfg = Release|Any CPU
		{FE52DC86-5834-4565-9AE6-9290808447DA}.Release|x64.Build.0 = Release|Any CPU
		{FE52DC86-5834-4565-9AE6-9290808447DA}.Release|x86.ActiveCfg = Release|Any CPU
		{FE52DC86-5834-4565-9AE6-9290808447DA}.Release|x86.Build.0 = Release|Any CPU
		{4B9C4AD1-197B-497E-BC66-A74549C57CF1}.Debug|Any CPU.ActiveCfg = Debug|Any CPU
		{4B9C4AD1-197B-497E-BC66-A74549C57CF1}.Debug|Any CPU.Build.0 = Debug|Any CPU
		{4B9C4AD1-197B-497E-BC66-A74549C57CF1}.Debug|x64.ActiveCfg = Debug|Any CPU
		{4B9C4AD1-197B-497E-BC66-A74549C57CF1}.Debug|x64.Build.0 = Debug|Any CPU
		{4B9C4AD1-197B-497E-BC66-A74549C57CF1}.Debug|x86.ActiveCfg = Debug|Any CPU
		{4B9C4AD1-197B-497E-BC66-A74549C57CF1}.Debug|x86.Build.0 = Debug|Any CPU
		{4B9C4AD1-197B-497E-BC66-A74549C57CF1}.Release|Any CPU.ActiveCfg = Release|Any CPU
		{4B9C4AD1-197B-497E-BC66-A74549C57CF1}.Release|Any CPU.Build.0 = Release|Any CPU
		{4B9C4AD1-197B-497E-BC66-A74549C57CF1}.Release|x64.ActiveCfg = Release|Any CPU
		{4B9C4AD1-197B-497E-BC66-A74549C57CF1}.Release|x64.Build.0 = Release|Any CPU
		{4B9C4AD1-197B-497E-BC66-A74549C57CF1}.Release|x86.ActiveCfg = Release|Any CPU
		{4B9C4AD1-197B-497E-BC66-A74549C57CF1}.Release|x86.Build.0 = Release|Any CPU
		{37B0D0BE-5F9C-400D-B1B5-5CC8E9F06A9A}.Debug|Any CPU.ActiveCfg = Debug|Any CPU
		{37B0D0BE-5F9C-400D-B1B5-5CC8E9F06A9A}.Debug|Any CPU.Build.0 = Debug|Any CPU
		{37B0D0BE-5F9C-400D-B1B5-5CC8E9F06A9A}.Debug|x64.ActiveCfg = Debug|Any CPU
		{37B0D0BE-5F9C-400D-B1B5-5CC8E9F06A9A}.Debug|x64.Build.0 = Debug|Any CPU
		{37B0D0BE-5F9C-400D-B1B5-5CC8E9F06A9A}.Debug|x86.ActiveCfg = Debug|Any CPU
		{37B0D0BE-5F9C-400D-B1B5-5CC8E9F06A9A}.Debug|x86.Build.0 = Debug|Any CPU
		{37B0D0BE-5F9C-400D-B1B5-5CC8E9F06A9A}.Release|Any CPU.ActiveCfg = Release|Any CPU
		{37B0D0BE-5F9C-400D-B1B5-5CC8E9F06A9A}.Release|Any CPU.Build.0 = Release|Any CPU
		{37B0D0BE-5F9C-400D-B1B5-5CC8E9F06A9A}.Release|x64.ActiveCfg = Release|Any CPU
		{37B0D0BE-5F9C-400D-B1B5-5CC8E9F06A9A}.Release|x64.Build.0 = Release|Any CPU
		{37B0D0BE-5F9C-400D-B1B5-5CC8E9F06A9A}.Release|x86.ActiveCfg = Release|Any CPU
		{37B0D0BE-5F9C-400D-B1B5-5CC8E9F06A9A}.Release|x86.Build.0 = Release|Any CPU
		{6E9A21FB-B284-44BB-BF2D-9ABF029E04A9}.Debug|Any CPU.ActiveCfg = Debug|Any CPU
		{6E9A21FB-B284-44BB-BF2D-9ABF029E04A9}.Debug|Any CPU.Build.0 = Debug|Any CPU
		{6E9A21FB-B284-44BB-BF2D-9ABF029E04A9}.Debug|x64.ActiveCfg = Debug|Any CPU
		{6E9A21FB-B284-44BB-BF2D-9ABF029E04A9}.Debug|x64.Build.0 = Debug|Any CPU
		{6E9A21FB-B284-44BB-BF2D-9ABF029E04A9}.Debug|x86.ActiveCfg = Debug|Any CPU
		{6E9A21FB-B284-44BB-BF2D-9ABF029E04A9}.Debug|x86.Build.0 = Debug|Any CPU
		{6E9A21FB-B284-44BB-BF2D-9ABF029E04A9}.Release|Any CPU.ActiveCfg = Release|Any CPU
		{6E9A21FB-B284-44BB-BF2D-9ABF029E04A9}.Release|Any CPU.Build.0 = Release|Any CPU
		{6E9A21FB-B284-44BB-BF2D-9ABF029E04A9}.Release|x64.ActiveCfg = Release|Any CPU
		{6E9A21FB-B284-44BB-BF2D-9ABF029E04A9}.Release|x64.Build.0 = Release|Any CPU
		{6E9A21FB-B284-44BB-BF2D-9ABF029E04A9}.Release|x86.ActiveCfg = Release|Any CPU
		{6E9A21FB-B284-44BB-BF2D-9ABF029E04A9}.Release|x86.Build.0 = Release|Any CPU
		{9385D9B2-F966-4D82-8F59-D1448F996B74}.Debug|Any CPU.ActiveCfg = Debug|Any CPU
		{9385D9B2-F966-4D82-8F59-D1448F996B74}.Debug|Any CPU.Build.0 = Debug|Any CPU
		{9385D9B2-F966-4D82-8F59-D1448F996B74}.Debug|x64.ActiveCfg = Debug|Any CPU
		{9385D9B2-F966-4D82-8F59-D1448F996B74}.Debug|x64.Build.0 = Debug|Any CPU
		{9385D9B2-F966-4D82-8F59-D1448F996B74}.Debug|x86.ActiveCfg = Debug|Any CPU
		{9385D9B2-F966-4D82-8F59-D1448F996B74}.Debug|x86.Build.0 = Debug|Any CPU
		{9385D9B2-F966-4D82-8F59-D1448F996B74}.Release|Any CPU.ActiveCfg = Release|Any CPU
		{9385D9B2-F966-4D82-8F59-D1448F996B74}.Release|Any CPU.Build.0 = Release|Any CPU
		{9385D9B2-F966-4D82-8F59-D1448F996B74}.Release|x64.ActiveCfg = Release|Any CPU
		{9385D9B2-F966-4D82-8F59-D1448F996B74}.Release|x64.Build.0 = Release|Any CPU
		{9385D9B2-F966-4D82-8F59-D1448F996B74}.Release|x86.ActiveCfg = Release|Any CPU
		{9385D9B2-F966-4D82-8F59-D1448F996B74}.Release|x86.Build.0 = Release|Any CPU
		{0AED655E-8436-42BF-B5F7-1C80983CA1D3}.Debug|Any CPU.ActiveCfg = Debug|Any CPU
		{0AED655E-8436-42BF-B5F7-1C80983CA1D3}.Debug|Any CPU.Build.0 = Debug|Any CPU
		{0AED655E-8436-42BF-B5F7-1C80983CA1D3}.Debug|x64.ActiveCfg = Debug|Any CPU
		{0AED655E-8436-42BF-B5F7-1C80983CA1D3}.Debug|x64.Build.0 = Debug|Any CPU
		{0AED655E-8436-42BF-B5F7-1C80983CA1D3}.Debug|x86.ActiveCfg = Debug|Any CPU
		{0AED655E-8436-42BF-B5F7-1C80983CA1D3}.Debug|x86.Build.0 = Debug|Any CPU
		{0AED655E-8436-42BF-B5F7-1C80983CA1D3}.Release|Any CPU.ActiveCfg = Release|Any CPU
		{0AED655E-8436-42BF-B5F7-1C80983CA1D3}.Release|Any CPU.Build.0 = Release|Any CPU
		{0AED655E-8436-42BF-B5F7-1C80983CA1D3}.Release|x64.ActiveCfg = Release|Any CPU
		{0AED655E-8436-42BF-B5F7-1C80983CA1D3}.Release|x64.Build.0 = Release|Any CPU
		{0AED655E-8436-42BF-B5F7-1C80983CA1D3}.Release|x86.ActiveCfg = Release|Any CPU
		{0AED655E-8436-42BF-B5F7-1C80983CA1D3}.Release|x86.Build.0 = Release|Any CPU
		{CCAEDF43-5935-4ABC-9530-1F41C5D8FC69}.Debug|Any CPU.ActiveCfg = Debug|Any CPU
		{CCAEDF43-5935-4ABC-9530-1F41C5D8FC69}.Debug|Any CPU.Build.0 = Debug|Any CPU
		{CCAEDF43-5935-4ABC-9530-1F41C5D8FC69}.Debug|x64.ActiveCfg = Debug|Any CPU
		{CCAEDF43-5935-4ABC-9530-1F41C5D8FC69}.Debug|x64.Build.0 = Debug|Any CPU
		{CCAEDF43-5935-4ABC-9530-1F41C5D8FC69}.Debug|x86.ActiveCfg = Debug|Any CPU
		{CCAEDF43-5935-4ABC-9530-1F41C5D8FC69}.Debug|x86.Build.0 = Debug|Any CPU
		{CCAEDF43-5935-4ABC-9530-1F41C5D8FC69}.Release|Any CPU.ActiveCfg = Release|Any CPU
		{CCAEDF43-5935-4ABC-9530-1F41C5D8FC69}.Release|Any CPU.Build.0 = Release|Any CPU
		{CCAEDF43-5935-4ABC-9530-1F41C5D8FC69}.Release|x64.ActiveCfg = Release|Any CPU
		{CCAEDF43-5935-4ABC-9530-1F41C5D8FC69}.Release|x64.Build.0 = Release|Any CPU
		{CCAEDF43-5935-4ABC-9530-1F41C5D8FC69}.Release|x86.ActiveCfg = Release|Any CPU
		{CCAEDF43-5935-4ABC-9530-1F41C5D8FC69}.Release|x86.Build.0 = Release|Any CPU
	EndGlobalSection
	GlobalSection(SolutionProperties) = preSolution
		HideSolutionNode = FALSE
	EndGlobalSection
EndGlobal
